
Microsoft Visual Studio Solution File, Format Version 12.00
# Visual Studio Version 17
VisualStudioVersion = 17.2.32616.157
MinimumVisualStudioVersion = 10.0.40219.1
Project("{FAE04EC0-301F-11D3-BF4B-00C04F79EFBC}") = "QuickSort", "QuickSort\QuickSort.csproj", "{A4FF3635-311F-41FD-893D-C884CB2B632C}"
EndProject
Global
	GlobalSection(SolutionConfigurationPlatforms) = preSolution
		Debug|Any CPU = Debug|Any CPU
		Release|Any CPU = Release|Any CPU
	EndGlobalSection
	GlobalSection(ProjectConfigurationPlatforms) = postSolution
		{A4FF3635-311F-41FD-893D-C884CB2B632C}.Debug|Any CPU.ActiveCfg = Debug|Any CPU
		{A4FF3635-311F-41FD-893D-C884CB2B632C}.Debug|Any CPU.Build.0 = Debug|Any CPU
		{A4FF3635-311F-41FD-893D-C884CB2B632C}.Release|Any CPU.ActiveCfg = Release|Any CPU
		{A4FF3635-311F-41FD-893D-C884CB2B632C}.Release|Any CPU.Build.0 = Release|Any CPU
	EndGlobalSection
	GlobalSection(SolutionProperties) = preSolution
		HideSolutionNode = FALSE
	EndGlobalSection
	GlobalSection(ExtensibilityGlobals) = postSolution
		SolutionGuid = {41EE3EBC-4D92-42B7-8879-230AE28EEF32}
	EndGlobalSection
EndGlobal
